
Microsoft Visual Studio Solution File, Format Version 12.00
# Visual Studio Version 16
VisualStudioVersion = 16.0.30128.74
MinimumVisualStudioVersion = 10.0.40219.1
Project("{FAE04EC0-301F-11D3-BF4B-00C04F79EFBC}") = "SMI.default", "SMI.default\SMI.default.csproj", "{2ACA98D9-76D7-40FF-9179-7E98C69A6B08}"
EndProject
Global
	GlobalSection(SolutionConfigurationPlatforms) = preSolution
		Debug|Any CPU = Debug|Any CPU
		Release|Any CPU = Release|Any CPU
	EndGlobalSection
	GlobalSection(ProjectConfigurationPlatforms) = postSolution
		{2ACA98D9-76D7-40FF-9179-7E98C69A6B08}.Debug|Any CPU.ActiveCfg = Debug|Any CPU
		{2ACA98D9-76D7-40FF-9179-7E98C69A6B08}.Debug|Any CPU.Build.0 = Debug|Any CPU
		{2ACA98D9-76D7-40FF-9179-7E98C69A6B08}.Release|Any CPU.ActiveCfg = Release|Any CPU
		{2ACA98D9-76D7-40FF-9179-7E98C69A6B08}.Release|Any CPU.Build.0 = Release|Any CPU
	EndGlobalSection
	GlobalSection(SolutionProperties) = preSolution
		HideSolutionNode = FALSE
	EndGlobalSection
	GlobalSection(ExtensibilityGlobals) = postSolution
		SolutionGuid = {55DE4696-32F5-4F18-A32B-53F642D66121}
	EndGlobalSection
EndGlobal
